{
  "originHash" : "45b0bfb64470dd095357ce3cc339e6968eac933f73592d616514cd3a0874ea26",
  "pins" : [
    {
      "identity" : "ocmock",
      "kind" : "remoteSourceControl",
      "location" : "https://github.com/erikdoe/ocmock",
      "state" : {
        "revision" : "fe1661a3efed11831a6452f4b1a0c5e6ddc08c3d"
      }
    }
  ],
  "version" : 3
}
