{
  "pins" : [
    {
      "identity" : "google-maps-ios-utils",
      "kind" : "remoteSourceControl",
      "location" : "https://github.com/googlemaps/google-maps-ios-utils",
      "state" : {
        "revision" : "1727a5e25036cecc07296569b8ad3f85d4baca4b",
        "version" : "6.1.3"
      }
    },
    {
      "identity" : "ios-maps-sdk",
      "kind" : "remoteSourceControl",
      "location" : "https://github.com/googlemaps/ios-maps-sdk",
      "state" : {
        "revision" : "98096f0cd3524e7217fe36936dc1a0c738819f9c",
        "version" : "10.14.0"
      }
    }
  ],
  "version" : 2
}
