// !$*UTF8*$!
{
	archiveVersion = 1;
	classes = {
	};
	objectVersion = 50;
	objects = {

/* Begin PBXBuildFile section */
		0D313B6D24C6613900D7044B /* AppDelegate.m in Sources */ = {isa = PBXBuildFile; fileRef = 0D313B6C24C6613900D7044B /* AppDelegate.m */; };
		0D313B7024C6613900D7044B /* SceneDelegate.m in Sources */ = {isa = PBXBuildFile; fileRef = 0D313B6F24C6613900D7044B /* SceneDelegate.m */; };
		0D313B7324C6613900D7044B /* ViewController.m in Sources */ = {isa = PBXBuildFile; fileRef = 0D313B7224C6613900D7044B /* ViewController.m */; };
		0D313B7624C6613900D7044B /* Main.storyboard in Resources */ = {isa = PBXBuildFile; fileRef = 0D313B7424C6613900D7044B /* Main.storyboard */; };
		0D313B7824C6613A00D7044B /* Assets.xcassets in Resources */ = {isa = PBXBuildFile; fileRef = 0D313B7724C6613A00D7044B /* Assets.xcassets */; };
		0D313B7B24C6613A00D7044B /* LaunchScreen.storyboard in Resources */ = {isa = PBXBuildFile; fileRef = 0D313B7924C6613A00D7044B /* LaunchScreen.storyboard */; };
		0D313B7E24C6613A00D7044B /* main.m in Sources */ = {isa = PBXBuildFile; fileRef = 0D313B7D24C6613A00D7044B /* main.m */; };
		0D313B8524C66AB700D7044B /* ip.txt in Resources */ = {isa = PBXBuildFile; fileRef = 0D313B8424C66AB700D7044B /* ip.txt */; };
/* End PBXBuildFile section */

/* Begin PBXFileReference section */
		0D313B6824C6613900D7044B /* smiley.app */ = {isa = PBXFileReference; explicitFileType = wrapper.application; includeInIndex = 0; path = smiley.app; sourceTree = BUILT_PRODUCTS_DIR; };
		0D313B6B24C6613900D7044B /* AppDelegate.h */ = {isa = PBXFileReference; lastKnownFileType = sourcecode.c.h; path = AppDelegate.h; sourceTree = "<group>"; };
		0D313B6C24C6613900D7044B /* AppDelegate.m */ = {isa = PBXFileReference; lastKnownFileType = sourcecode.c.objc; path = AppDelegate.m; sourceTree = "<group>"; };
		0D313B6E24C6613900D7044B /* SceneDelegate.h */ = {isa = PBXFileReference; lastKnownFileType = sourcecode.c.h; path = SceneDelegate.h; sourceTree = "<group>"; };
		0D313B6F24C6613900D7044B /* SceneDelegate.m */ = {isa = PBXFileReference; lastKnownFileType = sourcecode.c.objc; path = SceneDelegate.m; sourceTree = "<group>"; };
		0D313B7124C6613900D7044B /* ViewController.h */ = {isa = PBXFileReference; lastKnownFileType = sourcecode.c.h; path = ViewController.h; sourceTree = "<group>"; };
		0D313B7224C6613900D7044B /* ViewController.m */ = {isa = PBXFileReference; lastKnownFileType = sourcecode.c.objc; path = ViewController.m; sourceTree = "<group>"; };
		0D313B7524C6613900D7044B /* Base */ = {isa = PBXFileReference; lastKnownFileType = file.storyboard; name = Base; path = Base.lproj/Main.storyboard; sourceTree = "<group>"; };
		0D313B7724C6613A00D7044B /* Assets.xcassets */ = {isa = PBXFileReference; lastKnownFileType = folder.assetcatalog; path = Assets.xcassets; sourceTree = "<group>"; };
		0D313B7A24C6613A00D7044B /* Base */ = {isa = PBXFileReference; lastKnownFileType = file.storyboard; name = Base; path = Base.lproj/LaunchScreen.storyboard; sourceTree = "<group>"; };
		0D313B7C24C6613A00D7044B /* Info.plist */ = {isa = PBXFileReference; lastKnownFileType = text.plist.xml; path = Info.plist; sourceTree = "<group>"; };
		0D313B7D24C6613A00D7044B /* main.m */ = {isa = PBXFileReference; lastKnownFileType = sourcecode.c.objc; path = main.m; sourceTree = "<group>"; };
		0D313B8424C66AB700D7044B /* ip.txt */ = {isa = PBXFileReference; lastKnownFileType = text; path = ip.txt; sourceTree = "<group>"; };
/* End PBXFileReference section */

/* Begin PBXFrameworksBuildPhase section */
		0D313B6524C6613900D7044B /* Frameworks */ = {
			isa = PBXFrameworksBuildPhase;
			buildActionMask = 2147483647;
			files = (
			);
			runOnlyForDeploymentPostprocessing = 0;
		};
/* End PBXFrameworksBuildPhase section */

/* Begin PBXGroup section */
		0D313B5F24C6613900D7044B = {
			isa = PBXGroup;
			children = (
				0D313B6A24C6613900D7044B /* smiley */,
				0D313B6924C6613900D7044B /* Products */,
			);
			sourceTree = "<group>";
		};
		0D313B6924C6613900D7044B /* Products */ = {
			isa = PBXGroup;
			children = (
				0D313B6824C6613900D7044B /* smiley.app */,
			);
			name = Products;
			sourceTree = "<group>";
		};
		0D313B6A24C6613900D7044B /* smiley */ = {
			isa = PBXGroup;
			children = (
				0D313B6B24C6613900D7044B /* AppDelegate.h */,
				0D313B6C24C6613900D7044B /* AppDelegate.m */,
				0D313B6E24C6613900D7044B /* SceneDelegate.h */,
				0D313B6F24C6613900D7044B /* SceneDelegate.m */,
				0D313B7124C6613900D7044B /* ViewController.h */,
				0D313B7224C6613900D7044B /* ViewController.m */,
				0D313B7424C6613900D7044B /* Main.storyboard */,
				0D313B7724C6613A00D7044B /* Assets.xcassets */,
				0D313B7924C6613A00D7044B /* LaunchScreen.storyboard */,
				0D313B7C24C6613A00D7044B /* Info.plist */,
				0D313B7D24C6613A00D7044B /* main.m */,
				0D313B8424C66AB700D7044B /* ip.txt */,
			);
			path = smiley;
			sourceTree = "<group>";
		};
/* End PBXGroup section */

/* Begin PBXNativeTarget section */
		0D313B6724C6613900D7044B /* smiley */ = {
			isa = PBXNativeTarget;
			buildConfigurationList = 0D313B8124C6613A00D7044B /* Build configuration list for PBXNativeTarget "smiley" */;
			buildPhases = (
				0D313B6424C6613900D7044B /* Sources */,
				0D313B6524C6613900D7044B /* Frameworks */,
				0D313B6624C6613900D7044B /* Resources */,
			);
			buildRules = (
			);
			dependencies = (
			);
			name = smiley;
			productName = smiley;
			productReference = 0D313B6824C6613900D7044B /* smiley.app */;
			productType = "com.apple.product-type.application";
		};
/* End PBXNativeTarget section */

/* Begin PBXProject section */
		0D313B6024C6613900D7044B /* Project object */ = {
			isa = PBXProject;
			attributes = {
				LastUpgradeCheck = 1150;
				ORGANIZATIONNAME = "Aaron Clarke";
				TargetAttributes = {
					0D313B6724C6613900D7044B = {
						CreatedOnToolsVersion = 11.5;
					};
				};
			};
			buildConfigurationList = 0D313B6324C6613900D7044B /* Build configuration list for PBXProject "smiley" */;
			compatibilityVersion = "Xcode 9.3";
			developmentRegion = en;
			hasScannedForEncodings = 0;
			knownRegions = (
				en,
				Base,
			);
			mainGroup = 0D313B5F24C6613900D7044B;
			productRefGroup = 0D313B6924C6613900D7044B /* Products */;
			projectDirPath = "";
			projectRoot = "";
			targets = (
				0D313B6724C6613900D7044B /* smiley */,
			);
		};
/* End PBXProject section */

/* Begin PBXResourcesBuildPhase section */
		0D313B6624C6613900D7044B /* Resources */ = {
			isa = PBXResourcesBuildPhase;
			buildActionMask = 2147483647;
			files = (
				0D313B7B24C6613A00D7044B /* LaunchScreen.storyboard in Resources */,
				0D313B8524C66AB700D7044B /* ip.txt in Resources */,
				0D313B7824C6613A00D7044B /* Assets.xcassets in Resources */,
				0D313B7624C6613900D7044B /* Main.storyboard in Resources */,
			);
			runOnlyForDeploymentPostprocessing = 0;
		};
/* End PBXResourcesBuildPhase section */

/* Begin PBXSourcesBuildPhase section */
		0D313B6424C6613900D7044B /* Sources */ = {
			isa = PBXSourcesBuildPhase;
			buildActionMask = 2147483647;
			files = (
				0D313B7324C6613900D7044B /* ViewController.m in Sources */,
				0D313B6D24C6613900D7044B /* AppDelegate.m in Sources */,
				0D313B7E24C6613A00D7044B /* main.m in Sources */,
				0D313B7024C6613900D7044B /* SceneDelegate.m in Sources */,
			);
			runOnlyForDeploymentPostprocessing = 0;
		};
/* End PBXSourcesBuildPhase section */

/* Begin PBXVariantGroup section */
		0D313B7424C6613900D7044B /* Main.storyboard */ = {
			isa = PBXVariantGroup;
			children = (
				0D313B7524C6613900D7044B /* Base */,
			);
			name = Main.storyboard;
			sourceTree = "<group>";
		};
		0D313B7924C6613A00D7044B /* LaunchScreen.storyboard */ = {
			isa = PBXVariantGroup;
			children = (
				0D313B7A24C6613A00D7044B /* Base */,
			);
			name = LaunchScreen.storyboard;
			sourceTree = "<group>";
		};
/* End PBXVariantGroup section */

/* Begin XCBuildConfiguration section */
		0D313B7F24C6613A00D7044B /* Debug */ = {
			isa = XCBuildConfiguration;
			buildSettings = {
				ALWAYS_SEARCH_USER_PATHS = NO;
				CLANG_ANALYZER_NONNULL = YES;
				CLANG_ANALYZER_NUMBER_OBJECT_CONVERSION = YES_AGGRESSIVE;
				CLANG_CXX_LANGUAGE_STANDARD = "gnu++14";
				CLANG_CXX_LIBRARY = "libc++";
				CLANG_ENABLE_MODULES = YES;
				CLANG_ENABLE_OBJC_ARC = YES;
				CLANG_ENABLE_OBJC_WEAK = YES;
				CLANG_WARN_BLOCK_CAPTURE_AUTORELEASING = YES;
				CLANG_WARN_BOOL_CONVERSION = YES;
				CLANG_WARN_COMMA = YES;
				CLANG_WARN_CONSTANT_CONVERSION = YES;
				CLANG_WARN_DEPRECATED_OBJC_IMPLEMENTATIONS = YES;
				CLANG_WARN_DIRECT_OBJC_ISA_USAGE = YES_ERROR;
				CLANG_WARN_DOCUMENTATION_COMMENTS = YES;
				CLANG_WARN_EMPTY_BODY = YES;
				CLANG_WARN_ENUM_CONVERSION = YES;
				CLANG_WARN_INFINITE_RECURSION = YES;
				CLANG_WARN_INT_CONVERSION = YES;
				CLANG_WARN_NON_LITERAL_NULL_CONVERSION = YES;
				CLANG_WARN_OBJC_IMPLICIT_RETAIN_SELF = YES;
				CLANG_WARN_OBJC_LITERAL_CONVERSION = YES;
				CLANG_WARN_OBJC_ROOT_CLASS = YES_ERROR;
				CLANG_WARN_RANGE_LOOP_ANALYSIS = YES;
				CLANG_WARN_STRICT_PROTOTYPES = YES;
				CLANG_WARN_SUSPICIOUS_MOVE = YES;
				CLANG_WARN_UNGUARDED_AVAILABILITY = YES_AGGRESSIVE;
				CLANG_WARN_UNREACHABLE_CODE = YES;
				CLANG_WARN__DUPLICATE_METHOD_MATCH = YES;
				COPY_PHASE_STRIP = NO;
				DEBUG_INFORMATION_FORMAT = dwarf;
				ENABLE_STRICT_OBJC_MSGSEND = YES;
				ENABLE_TESTABILITY = YES;
				GCC_C_LANGUAGE_STANDARD = gnu11;
				GCC_DYNAMIC_NO_PIC = NO;
				GCC_NO_COMMON_BLOCKS = YES;
				GCC_OPTIMIZATION_LEVEL = 0;
				GCC_PREPROCESSOR_DEFINITIONS = (
					"DEBUG=1",
					"$(inherited)",
				);
				GCC_WARN_64_TO_32_BIT_CONVERSION = YES;
				GCC_WARN_ABOUT_RETURN_TYPE = YES_ERROR;
				GCC_WARN_UNDECLARED_SELECTOR = YES;
				GCC_WARN_UNINITIALIZED_AUTOS = YES_AGGRESSIVE;
				GCC_WARN_UNUSED_FUNCTION = YES;
				GCC_WARN_UNUSED_VARIABLE = YES;
				IPHONEOS_DEPLOYMENT_TARGET = 13.5;
				MTL_ENABLE_DEBUG_INFO = INCLUDE_SOURCE;
				MTL_FAST_MATH = YES;
				ONLY_ACTIVE_ARCH = YES;
				SDKROOT = iphoneos;
			};
			name = Debug;
		};
		0D313B8024C6613A00D7044B /* Release */ = {
			isa = XCBuildConfiguration;
			buildSettings = {
				ALWAYS_SEARCH_USER_PATHS = NO;
				CLANG_ANALYZER_NONNULL = YES;
				CLANG_ANALYZER_NUMBER_OBJECT_CONVERSION = YES_AGGRESSIVE;
				CLANG_CXX_LANGUAGE_STANDARD = "gnu++14";
				CLANG_CXX_LIBRARY = "libc++";
				CLANG_ENABLE_MODULES = YES;
				CLANG_ENABLE_OBJC_ARC = YES;
				CLANG_ENABLE_OBJC_WEAK = YES;
				CLANG_WARN_BLOCK_CAPTURE_AUTORELEASING = YES;
				CLANG_WARN_BOOL_CONVERSION = YES;
				CLANG_WARN_COMMA = YES;
				CLANG_WARN_CONSTANT_CONVERSION = YES;
				CLANG_WARN_DEPRECATED_OBJC_IMPLEMENTATIONS = YES;
				CLANG_WARN_DIRECT_OBJC_ISA_USAGE = YES_ERROR;
				CLANG_WARN_DOCUMENTATION_COMMENTS = YES;
				CLANG_WARN_EMPTY_BODY = YES;
				CLANG_WARN_ENUM_CONVERSION = YES;
				CLANG_WARN_INFINITE_RECURSION = YES;
				CLANG_WARN_INT_CONVERSION = YES;
				CLANG_WARN_NON_LITERAL_NULL_CONVERSION = YES;
				CLANG_WARN_OBJC_IMPLICIT_RETAIN_SELF = YES;
				CLANG_WARN_OBJC_LITERAL_CONVERSION = YES;
				CLANG_WARN_OBJC_ROOT_CLASS = YES_ERROR;
				CLANG_WARN_RANGE_LOOP_ANALYSIS = YES;
				CLANG_WARN_STRICT_PROTOTYPES = YES;
				CLANG_WARN_SUSPICIOUS_MOVE = YES;
				CLANG_WARN_UNGUARDED_AVAILABILITY = YES_AGGRESSIVE;
				CLANG_WARN_UNREACHABLE_CODE = YES;
				CLANG_WARN__DUPLICATE_METHOD_MATCH = YES;
				COPY_PHASE_STRIP = NO;
				DEBUG_INFORMATION_FORMAT = "dwarf-with-dsym";
				ENABLE_NS_ASSERTIONS = NO;
				ENABLE_STRICT_OBJC_MSGSEND = YES;
				GCC_C_LANGUAGE_STANDARD = gnu11;
				GCC_NO_COMMON_BLOCKS = YES;
				GCC_WARN_64_TO_32_BIT_CONVERSION = YES;
				GCC_WARN_ABOUT_RETURN_TYPE = YES_ERROR;
				GCC_WARN_UNDECLARED_SELECTOR = YES;
				GCC_WARN_UNINITIALIZED_AUTOS = YES_AGGRESSIVE;
				GCC_WARN_UNUSED_FUNCTION = YES;
				GCC_WARN_UNUSED_VARIABLE = YES;
				IPHONEOS_DEPLOYMENT_TARGET = 13.5;
				MTL_ENABLE_DEBUG_INFO = NO;
				MTL_FAST_MATH = YES;
				SDKROOT = iphoneos;
				VALIDATE_PRODUCT = YES;
			};
			name = Release;
		};
		0D313B8224C6613A00D7044B /* Debug */ = {
			isa = XCBuildConfiguration;
			buildSettings = {
				ASSETCATALOG_COMPILER_APPICON_NAME = AppIcon;
				CODE_SIGN_STYLE = Automatic;
				DEVELOPMENT_TEAM = S8QB4VV633;
				INFOPLIST_FILE = smiley/Info.plist;
				LD_RUNPATH_SEARCH_PATHS = (
					"$(inherited)",
					"@executable_path/Frameworks",
				);
				PRODUCT_BUNDLE_IDENTIFIER = "dev.flutter.imitation-game.smiley";
				PRODUCT_NAME = "$(TARGET_NAME)";
				TARGETED_DEVICE_FAMILY = "1,2";
			};
			name = Debug;
		};
		0D313B8324C6613A00D7044B /* Release */ = {
			isa = XCBuildConfiguration;
			buildSettings = {
				ASSETCATALOG_COMPILER_APPICON_NAME = AppIcon;
				CODE_SIGN_STYLE = Automatic;
				DEVELOPMENT_TEAM = S8QB4VV633;
				INFOPLIST_FILE = smiley/Info.plist;
				LD_RUNPATH_SEARCH_PATHS = (
					"$(inherited)",
					"@executable_path/Frameworks",
				);
				PRODUCT_BUNDLE_IDENTIFIER = "dev.flutter.imitation-game.smiley";
				PRODUCT_NAME = "$(TARGET_NAME)";
				TARGETED_DEVICE_FAMILY = "1,2";
			};
			name = Release;
		};
/* End XCBuildConfiguration section */

/* Begin XCConfigurationList section */
		0D313B6324C6613900D7044B /* Build configuration list for PBXProject "smiley" */ = {
			isa = XCConfigurationList;
			buildConfigurations = (
				0D313B7F24C6613A00D7044B /* Debug */,
				0D313B8024C6613A00D7044B /* Release */,
			);
			defaultConfigurationIsVisible = 0;
			defaultConfigurationName = Release;
		};
		0D313B8124C6613A00D7044B /* Build configuration list for PBXNativeTarget "smiley" */ = {
			isa = XCConfigurationList;
			buildConfigurations = (
				0D313B8224C6613A00D7044B /* Debug */,
				0D313B8324C6613A00D7044B /* Release */,
			);
			defaultConfigurationIsVisible = 0;
			defaultConfigurationName = Release;
		};
/* End XCConfigurationList section */
	};
	rootObject = 0D313B6024C6613900D7044B /* Project object */;
}
