{
  "originHash" : "b812865f1e8f3570d2797d68fbfb1084e61f86b3b786c4388468377e79042d2c",
  "pins" : [
    {
      "identity" : "ocmock",
      "kind" : "remoteSourceControl",
      "location" : "https://github.com/erikdoe/ocmock",
      "state" : {
        "revision" : "fe1661a3efed11831a6452f4b1a0c5e6ddc08c3d"
      }
    }
  ],
  "version" : 3
}
